
Microsoft Visual Studio Solution File, Format Version 12.00
# Visual Studio Version 16
VisualStudioVersion = 25.0.1700.0
MinimumVisualStudioVersion = 10.0.40219.1
Project("{FAE04EC0-301F-11D3-BF4B-00C04F79EFBC}") = "Accessspecifiers", "Accessspecifiers\Accessspecifiers.csproj", "{E7758D82-5E57-4E6D-8E45-F22AC0929F3E}"
EndProject
Global
	GlobalSection(SolutionConfigurationPlatforms) = preSolution
		Debug|Any CPU = Debug|Any CPU
		Release|Any CPU = Release|Any CPU
	EndGlobalSection
	GlobalSection(ProjectConfigurationPlatforms) = postSolution
		{E7758D82-5E57-4E6D-8E45-F22AC0929F3E}.Debug|Any CPU.ActiveCfg = Debug|Any CPU
		{E7758D82-5E57-4E6D-8E45-F22AC0929F3E}.Debug|Any CPU.Build.0 = Debug|Any CPU
		{E7758D82-5E57-4E6D-8E45-F22AC0929F3E}.Release|Any CPU.ActiveCfg = Release|Any CPU
		{E7758D82-5E57-4E6D-8E45-F22AC0929F3E}.Release|Any CPU.Build.0 = Release|Any CPU
	EndGlobalSection
	GlobalSection(SolutionProperties) = preSolution
		HideSolutionNode = FALSE
	EndGlobalSection
	GlobalSection(ExtensibilityGlobals) = postSolution
		SolutionGuid = {3E6F340B-5642-4E57-905B-DDF6C3D20419}
	EndGlobalSection
EndGlobal
